
Microsoft Visual Studio Solution File, Format Version 12.00
# Visual Studio Version 16
VisualStudioVersion = 16.0.31702.278
MinimumVisualStudioVersion = 10.0.40219.1
Project("{8BC9CEB8-8B4A-11D0-8D11-00A0C91BC942}") = "OOP Friend Klass", "OOP Friend Klass\OOP Friend Klass.vcxproj", "{93FFF22C-C557-47F1-BB33-059E4EBB67DC}"
EndProject
Global
	GlobalSection(SolutionConfigurationPlatforms) = preSolution
		Debug|x64 = Debug|x64
		Debug|x86 = Debug|x86
		Release|x64 = Release|x64
		Release|x86 = Release|x86
	EndGlobalSection
	GlobalSection(ProjectConfigurationPlatforms) = postSolution
		{93FFF22C-C557-47F1-BB33-059E4EBB67DC}.Debug|x64.ActiveCfg = Debug|x64
		{93FFF22C-C557-47F1-BB33-059E4EBB67DC}.Debug|x64.Build.0 = Debug|x64
		{93FFF22C-C557-47F1-BB33-059E4EBB67DC}.Debug|x86.ActiveCfg = Debug|Win32
		{93FFF22C-C557-47F1-BB33-059E4EBB67DC}.Debug|x86.Build.0 = Debug|Win32
		{93FFF22C-C557-47F1-BB33-059E4EBB67DC}.Release|x64.ActiveCfg = Release|x64
		{93FFF22C-C557-47F1-BB33-059E4EBB67DC}.Release|x64.Build.0 = Release|x64
		{93FFF22C-C557-47F1-BB33-059E4EBB67DC}.Release|x86.ActiveCfg = Release|Win32
		{93FFF22C-C557-47F1-BB33-059E4EBB67DC}.Release|x86.Build.0 = Release|Win32
	EndGlobalSection
	GlobalSection(SolutionProperties) = preSolution
		HideSolutionNode = FALSE
	EndGlobalSection
	GlobalSection(ExtensibilityGlobals) = postSolution
		SolutionGuid = {7AF8CE86-E4F6-4DB1-959D-0B24DABE93E5}
	EndGlobalSection
EndGlobal
